{
  "version": 1,
  "skills": {
    "redline": {
      "source": "scripts/redline/tools.json",
      "kind": "mcp",
      "hash": "0d7009211e37e38c6cc464e27b5ab1291c20545ad0de625031d2b5e2d5aa2563",
      "scannedAt": "2026-09-27T03:47:53.549Z",
      "verdict": "clean",
      "findings": 0,
      "detection": {
        "engine": "redstamp",
        "version": "0.7.5"
      },
      "parts": {
        "redline_list": "8a8997e9490d207b20997e677bbcd0b08f10c9d05701cfe7df588d5d68f3050c",
        "redline_read": "0383612515e7d857ce140e91b7a607996a7a3cfadb4c4ecb490240ff9c4fe854",
        "redline_search": "cf7d81fe6046aa7736c04dca05a61027f8e5c68c3ae24cc41d5565456b744611",
        "redline_submit": "5fbe124d4c3b4b8c5a21d85e86067f85af06b01cf53134dc2aadefe75b1bb96d",
        "(manifest)": "1b07cce04824c7641dc023f8490abf1069607791019f84a4bb05c8c4ba800fd7"
      }
    },
    "redline-fix": {
      "source": "scripts/redline/fix-tools.json",
      "kind": "mcp",
      "hash": "759f0704aa2b2d48d811ad76ee24b12bd43c400b63354ee01e772b89e52aeb08",
      "scannedAt": "2026-10-10T12:38:10.108Z",
      "verdict": "clean",
      "findings": 0,
      "detection": {
        "engine": "redstamp",
        "version": "0.7.5"
      },
      "parts": {
        "finish_fix": "357c0bf960a754dcc84170895ab64f17f815c50afdda37a04450901008b1dab5",
        "fix_describe": "e789caa7ca79be689b2105ca3976acdbd1aa8fca03d3c623766bfb04cf7a41ca",
        "fix_list": "265160c0dedba110cf715301f353474129227d07d7a851f4ae80087053b9cdfd",
        "fix_read": "196fb65b4ae7c8134868bcd5c78a435cc6981bfa8fbbc4d31d2747a7597d1cf4",
        "fix_run": "cef3d4dda0e99c49b9bbcb9f0645ab8040f2abba41b3306205e26963d5e81ecf",
        "fix_search": "0c3c7c9ca699a572122104ebafdb69ca3dfe5c03ffd3fa53f7c64d87c50643a1",
        "fix_write": "9839a4f82e9b269607730b29efa3205b02164bb706a1914cf1e361b19146c2fb",
        "(manifest)": "0e4479c1706c1f6cb18d0fdc445ae73b6cdfd77b9dca7e1025572822f0683b66"
      }
    }
  }
}
